{
  "name": "cryptage",
  "version": "1.0.0",
  "lockfileVersion": 3,
  "requires": true,
  "packages": {
    "": {
      "name": "cryptage",
      "version": "1.0.0",
      "license": "ISC",
      "dependencies": {
        "timer-node": "^5.0.7"
      }
    },
    "node_modules/timer-node": {
      "version": "5.0.7",
      "resolved": "https://registry.npmjs.org/timer-node/-/timer-node-5.0.7.tgz",
      "integrity": "sha512-M1aP6ASmuVD0PSxl5fqjCAGY9WyND3DHZ8RwT5I8o7469XE53Lb5zbPai20Dhj7TProyaapfVj3TaT0P+LoSEA=="
    }
  }
}
